
Microsoft Visual Studio Solution File, Format Version 12.00
# Visual Studio Version 16
VisualStudioVersion = 16.0.29230.47
MinimumVisualStudioVersion = 10.0.40219.1
Project("{9A19103F-16F7-4668-BE54-9A1E7A4F7556}") = "DoesItBlend", "DoesItBlend\DoesItBlend.csproj", "{EBB69AA0-0298-4DC6-90A9-B7D825801C74}"
EndProject
Project("{2150E333-8FDC-42A3-9474-1A3956D46DE8}") = "Solution Items", "Solution Items", "{8C43FA0D-C589-49BF-93D5-79908430CD7E}"
	ProjectSection(SolutionItems) = preProject
		Class1.cs = Class1.cs
	EndProjectSection
EndProject
Global
	GlobalSection(SolutionConfigurationPlatforms) = preSolution
		Debug|Any CPU = Debug|Any CPU
		Release|Any CPU = Release|Any CPU
	EndGlobalSection
	GlobalSection(ProjectConfigurationPlatforms) = postSolution
		{EBB69AA0-0298-4DC6-90A9-B7D825801C74}.Debug|Any CPU.ActiveCfg = Debug|Any CPU
		{EBB69AA0-0298-4DC6-90A9-B7D825801C74}.Debug|Any CPU.Build.0 = Debug|Any CPU
		{EBB69AA0-0298-4DC6-90A9-B7D825801C74}.Release|Any CPU.ActiveCfg = Release|Any CPU
		{EBB69AA0-0298-4DC6-90A9-B7D825801C74}.Release|Any CPU.Build.0 = Release|Any CPU
	EndGlobalSection
	GlobalSection(SolutionProperties) = preSolution
		HideSolutionNode = FALSE
	EndGlobalSection
	GlobalSection(ExtensibilityGlobals) = postSolution
		SolutionGuid = {B8DE806F-1AEC-421E-80FF-23AD0BEB559E}
	EndGlobalSection
EndGlobal
